
Microsoft Visual Studio Solution File, Format Version 12.00
# Visual Studio Version 17
VisualStudioVersion = 17.7.34221.43
MinimumVisualStudioVersion = 10.0.40219.1
Project("{9A19103F-16F7-4668-BE54-9A1E7A4F7556}") = "Phunk", "Phunk\Phunk.csproj", "{58B84E6A-D05B-4C1D-963E-C8C9A4599143}"
EndProject
Project("{FAE04EC0-301F-11D3-BF4B-00C04F79EFBC}") = "Phunk.Updater", "Phunk.Updater\Phunk.Updater.csproj", "{8FB3AC76-FD53-4E6D-A125-2FC7D6251C62}"
EndProject
Global
	GlobalSection(SolutionConfigurationPlatforms) = preSolution
		Debug|Any CPU = Debug|Any CPU
		Release|Any CPU = Release|Any CPU
	EndGlobalSection
	GlobalSection(ProjectConfigurationPlatforms) = postSolution
		{58B84E6A-D05B-4C1D-963E-C8C9A4599143}.Debug|Any CPU.ActiveCfg = Debug|Any CPU
		{58B84E6A-D05B-4C1D-963E-C8C9A4599143}.Debug|Any CPU.Build.0 = Debug|Any CPU
		{58B84E6A-D05B-4C1D-963E-C8C9A4599143}.Release|Any CPU.ActiveCfg = Release|Any CPU
		{58B84E6A-D05B-4C1D-963E-C8C9A4599143}.Release|Any CPU.Build.0 = Release|Any CPU
		{8FB3AC76-FD53-4E6D-A125-2FC7D6251C62}.Debug|Any CPU.ActiveCfg = Debug|Any CPU
		{8FB3AC76-FD53-4E6D-A125-2FC7D6251C62}.Debug|Any CPU.Build.0 = Debug|Any CPU
		{8FB3AC76-FD53-4E6D-A125-2FC7D6251C62}.Release|Any CPU.ActiveCfg = Release|Any CPU
		{8FB3AC76-FD53-4E6D-A125-2FC7D6251C62}.Release|Any CPU.Build.0 = Release|Any CPU
	EndGlobalSection
	GlobalSection(SolutionProperties) = preSolution
		HideSolutionNode = FALSE
	EndGlobalSection
	GlobalSection(ExtensibilityGlobals) = postSolution
		SolutionGuid = {4AE2D5DF-ADF2-4DED-8FF9-8FEA541D471F}
	EndGlobalSection
EndGlobal
